<?xml version="1.0" encoding="UTF-8" standalone="yes" ?>
<CodeBlocks_project_file>
	<FileVersion major="1" minor="6" />
	<Project>
		<Option title="ZDSim_Svet" />
		<Option pch_mode="2" />
		<Option compiler="gcc" />
		<Build>
			<Target title="Debug">
				<Option output="bin/Debug/ZDSim_Svet" prefix_auto="1" extension_auto="1" />
				<Option object_output="obj/Debug/" />
				<Option type="1" />
				<Option compiler="gcc" />
				<Compiler>
					<Add option="-lwininet" />
					<Add option="-g" />
					<Add directory="C:/curl-8.1.2_3-win32-mingw/curl-8.1.2_3-win32-mingw/include" />
					<Add directory="C:/curl-8.1.2_3-win32-mingw/curl-8.1.2_3-win32-mingw/include/curl" />
				</Compiler>
				<Linker>
					<Add option="-static-libstdc++" />
					<Add option="-static-libgcc" />
					<Add option="-static" />
					<Add library="../../../../../Program Files/CodeBlocks/MinGW/x86_64-w64-mingw32/lib/libwininet.a" />
					<Add directory="../../../../../curl-8.1.2_3-win32-mingw/curl-8.1.2_3-win32-mingw/lib" />
				</Linker>
			</Target>
			<Target title="Release">
				<Option output="bin/Release/ZDSim_Svet" prefix_auto="1" extension_auto="1" />
				<Option object_output="obj/Release/" />
				<Option type="1" />
				<Option compiler="gcc" />
				<Compiler>
					<Add option="-O2" />
				</Compiler>
				<Linker>
					<Add option="-s" />
				</Linker>
			</Target>
		</Build>
		<Compiler>
			<Add option="-Wall" />
			<Add option="-fexceptions" />
		</Compiler>
		<Unit filename="icon.rc">
			<Option compilerVar="WINDRES" />
		</Unit>
		<Unit filename="main.cpp" />
		<Extensions />
	</Project>
</CodeBlocks_project_file>
